
Microsoft Visual Studio Solution File, Format Version 12.00
# Visual Studio Version 16
VisualStudioVersion = 16.0.29409.12
MinimumVisualStudioVersion = 10.0.40219.1
Project("{8BC9CEB8-8B4A-11D0-8D11-00A0C91BC942}") = "16", "16\16.vcxproj", "{D7826175-8FA7-4314-B656-65FD64D0A2AC}"
EndProject
Global
	GlobalSection(SolutionConfigurationPlatforms) = preSolution
		Debug|x64 = Debug|x64
		Debug|x86 = Debug|x86
		Release|x64 = Release|x64
		Release|x86 = Release|x86
	EndGlobalSection
	GlobalSection(ProjectConfigurationPlatforms) = postSolution
		{D7826175-8FA7-4314-B656-65FD64D0A2AC}.Debug|x64.ActiveCfg = Debug|x64
		{D7826175-8FA7-4314-B656-65FD64D0A2AC}.Debug|x64.Build.0 = Debug|x64
		{D7826175-8FA7-4314-B656-65FD64D0A2AC}.Debug|x86.ActiveCfg = Debug|Win32
		{D7826175-8FA7-4314-B656-65FD64D0A2AC}.Debug|x86.Build.0 = Debug|Win32
		{D7826175-8FA7-4314-B656-65FD64D0A2AC}.Release|x64.ActiveCfg = Release|x64
		{D7826175-8FA7-4314-B656-65FD64D0A2AC}.Release|x64.Build.0 = Release|x64
		{D7826175-8FA7-4314-B656-65FD64D0A2AC}.Release|x86.ActiveCfg = Release|Win32
		{D7826175-8FA7-4314-B656-65FD64D0A2AC}.Release|x86.Build.0 = Release|Win32
	EndGlobalSection
	GlobalSection(SolutionProperties) = preSolution
		HideSolutionNode = FALSE
	EndGlobalSection
	GlobalSection(ExtensibilityGlobals) = postSolution
		SolutionGuid = {EC4507D7-7301-48E6-B8F2-86F1D4218E6E}
	EndGlobalSection
EndGlobal
