
Microsoft Visual Studio Solution File, Format Version 12.00
# Visual Studio Version 16
VisualStudioVersion = 16.0.29409.12
MinimumVisualStudioVersion = 10.0.40219.1
Project("{8BC9CEB8-8B4A-11D0-8D11-00A0C91BC942}") = "8_2", "8_2\8_2.vcxproj", "{FA08003F-1641-47DF-AB3F-3928B3E8B79C}"
EndProject
Global
	GlobalSection(SolutionConfigurationPlatforms) = preSolution
		Debug|x64 = Debug|x64
		Debug|x86 = Debug|x86
		Release|x64 = Release|x64
		Release|x86 = Release|x86
	EndGlobalSection
	GlobalSection(ProjectConfigurationPlatforms) = postSolution
		{FA08003F-1641-47DF-AB3F-3928B3E8B79C}.Debug|x64.ActiveCfg = Debug|x64
		{FA08003F-1641-47DF-AB3F-3928B3E8B79C}.Debug|x64.Build.0 = Debug|x64
		{FA08003F-1641-47DF-AB3F-3928B3E8B79C}.Debug|x86.ActiveCfg = Debug|Win32
		{FA08003F-1641-47DF-AB3F-3928B3E8B79C}.Debug|x86.Build.0 = Debug|Win32
		{FA08003F-1641-47DF-AB3F-3928B3E8B79C}.Release|x64.ActiveCfg = Release|x64
		{FA08003F-1641-47DF-AB3F-3928B3E8B79C}.Release|x64.Build.0 = Release|x64
		{FA08003F-1641-47DF-AB3F-3928B3E8B79C}.Release|x86.ActiveCfg = Release|Win32
		{FA08003F-1641-47DF-AB3F-3928B3E8B79C}.Release|x86.Build.0 = Release|Win32
	EndGlobalSection
	GlobalSection(SolutionProperties) = preSolution
		HideSolutionNode = FALSE
	EndGlobalSection
	GlobalSection(ExtensibilityGlobals) = postSolution
		SolutionGuid = {CF79742C-0BDD-4188-8DBF-9DFB42F7D132}
	EndGlobalSection
EndGlobal
